
Microsoft Visual Studio Solution File, Format Version 12.00
# Visual Studio Version 16
VisualStudioVersion = 16.0.30011.22
MinimumVisualStudioVersion = 10.0.40219.1
Project("{FAE04EC0-301F-11D3-BF4B-00C04F79EFBC}") = "STOKC", "STOKC\STOKC.csproj", "{F60EDB81-8179-419B-9300-512C2E801B60}"
EndProject
Global
	GlobalSection(SolutionConfigurationPlatforms) = preSolution
		Debug|Any CPU = Debug|Any CPU
		Release|Any CPU = Release|Any CPU
	EndGlobalSection
	GlobalSection(ProjectConfigurationPlatforms) = postSolution
		{F60EDB81-8179-419B-9300-512C2E801B60}.Debug|Any CPU.ActiveCfg = Debug|Any CPU
		{F60EDB81-8179-419B-9300-512C2E801B60}.Debug|Any CPU.Build.0 = Debug|Any CPU
		{F60EDB81-8179-419B-9300-512C2E801B60}.Release|Any CPU.ActiveCfg = Release|Any CPU
		{F60EDB81-8179-419B-9300-512C2E801B60}.Release|Any CPU.Build.0 = Release|Any CPU
	EndGlobalSection
	GlobalSection(SolutionProperties) = preSolution
		HideSolutionNode = FALSE
	EndGlobalSection
	GlobalSection(ExtensibilityGlobals) = postSolution
		SolutionGuid = {6C72E522-8E06-4B5F-AE34-8D49955C28D4}
	EndGlobalSection
EndGlobal
